// !$*UTF8*$!
{
	archiveVersion = 1;
	classes = {
	};
	objectVersion = 50;
	objects = {

/* Begin PBXBuildFile section */
		D40304FB242E4B3C00642C9F /* bg7.jpg in Resources */ = {isa = PBXBuildFile; fileRef = D40304F3242E4B3C00642C9F /* bg7.jpg */; };
		D40304FC242E4B3C00642C9F /* bg1.jpg in Resources */ = {isa = PBXBuildFile; fileRef = D40304F4242E4B3C00642C9F /* bg1.jpg */; };
		D40304FD242E4B3C00642C9F /* bg3.jpg in Resources */ = {isa = PBXBuildFile; fileRef = D40304F5242E4B3C00642C9F /* bg3.jpg */; };
		D40304FE242E4B3C00642C9F /* bg4.jpg in Resources */ = {isa = PBXBuildFile; fileRef = D40304F6242E4B3C00642C9F /* bg4.jpg */; };
		D40304FF242E4B3C00642C9F /* bg2.jpg in Resources */ = {isa = PBXBuildFile; fileRef = D40304F7242E4B3C00642C9F /* bg2.jpg */; };
		D4030500242E4B3C00642C9F /* bg5.jpg in Resources */ = {isa = PBXBuildFile; fileRef = D40304F8242E4B3C00642C9F /* bg5.jpg */; };
		D4030501242E4B3C00642C9F /* bg6.jpg in Resources */ = {isa = PBXBuildFile; fileRef = D40304F9242E4B3C00642C9F /* bg6.jpg */; };
		D4030502242E4B3C00642C9F /* bg8.jpg in Resources */ = {isa = PBXBuildFile; fileRef = D40304FA242E4B3C00642C9F /* bg8.jpg */; };
		D4030505242E56E300642C9F /* FinishedBar.swift in Sources */ = {isa = PBXBuildFile; fileRef = D4030503242E56E300642C9F /* FinishedBar.swift */; };
		D4030506242E56E300642C9F /* FinishedBar.xib in Resources */ = {isa = PBXBuildFile; fileRef = D4030504242E56E300642C9F /* FinishedBar.xib */; };
		D40305082432363100642C9F /* LoginController.swift in Sources */ = {isa = PBXBuildFile; fileRef = D40305072432363100642C9F /* LoginController.swift */; };
		D403051024333C4300642C9F /* ExButton.swift in Sources */ = {isa = PBXBuildFile; fileRef = D403050F24333C4300642C9F /* ExButton.swift */; };
		D4030513243349AF00642C9F /* Constants.swift in Sources */ = {isa = PBXBuildFile; fileRef = D4030512243349AF00642C9F /* Constants.swift */; };
		D4030548243395B700642C9F /* Alamofire.framework in Frameworks */ = {isa = PBXBuildFile; fileRef = D403053A243395AE00642C9F /* Alamofire.framework */; };
		D403054B2433A14E00642C9F /* Connection.swift in Sources */ = {isa = PBXBuildFile; fileRef = D403054A2433A14E00642C9F /* Connection.swift */; };
		D40305512433C6AA00642C9F /* Alerts.swift in Sources */ = {isa = PBXBuildFile; fileRef = D40305502433C6AA00642C9F /* Alerts.swift */; };
		D40305532433CB4400642C9F /* ExString.swift in Sources */ = {isa = PBXBuildFile; fileRef = D40305522433CB4400642C9F /* ExString.swift */; };
		D40305552433CDC200642C9F /* ExVC.swift in Sources */ = {isa = PBXBuildFile; fileRef = D40305542433CDC200642C9F /* ExVC.swift */; };
		D475E47F242CE47D00822E85 /* AppDelegate.swift in Sources */ = {isa = PBXBuildFile; fileRef = D475E47E242CE47D00822E85 /* AppDelegate.swift */; };
		D475E481242CE47D00822E85 /* IndexViewController.swift in Sources */ = {isa = PBXBuildFile; fileRef = D475E480242CE47D00822E85 /* IndexViewController.swift */; };
		D475E483242CE47D00822E85 /* HistoryViewController.swift in Sources */ = {isa = PBXBuildFile; fileRef = D475E482242CE47D00822E85 /* HistoryViewController.swift */; };
		D475E486242CE47D00822E85 /* Main.storyboard in Resources */ = {isa = PBXBuildFile; fileRef = D475E484242CE47D00822E85 /* Main.storyboard */; };
		D475E48B242CE47E00822E85 /* LaunchScreen.storyboard in Resources */ = {isa = PBXBuildFile; fileRef = D475E489242CE47E00822E85 /* LaunchScreen.storyboard */; };
		D475E496242CE47E00822E85 /* iOSDataDisplayTests.swift in Sources */ = {isa = PBXBuildFile; fileRef = D475E495242CE47E00822E85 /* iOSDataDisplayTests.swift */; };
		D475E4A1242CE47E00822E85 /* iOSDataDisplayUITests.swift in Sources */ = {isa = PBXBuildFile; fileRef = D475E4A0242CE47E00822E85 /* iOSDataDisplayUITests.swift */; };
		D475E4BE242CE53500822E85 /* DataPercent.xib in Resources */ = {isa = PBXBuildFile; fileRef = D475E4B1242CE53400822E85 /* DataPercent.xib */; };
		D475E4BF242CE53500822E85 /* Departments.xib in Resources */ = {isa = PBXBuildFile; fileRef = D475E4B2242CE53500822E85 /* Departments.xib */; };
		D475E4C0242CE53500822E85 /* Departments.swift in Sources */ = {isa = PBXBuildFile; fileRef = D475E4B3242CE53500822E85 /* Departments.swift */; };
		D475E4C2242CE53500822E85 /* DataNumbers.xib in Resources */ = {isa = PBXBuildFile; fileRef = D475E4B5242CE53500822E85 /* DataNumbers.xib */; };
		D475E4C3242CE53500822E85 /* DataNumber.xib in Resources */ = {isa = PBXBuildFile; fileRef = D475E4B6242CE53500822E85 /* DataNumber.xib */; };
		D475E4C5242CE53500822E85 /* DataNumbers.swift in Sources */ = {isa = PBXBuildFile; fileRef = D475E4B8242CE53500822E85 /* DataNumbers.swift */; };
		D475E4C6242CE53500822E85 /* DataNumber.swift in Sources */ = {isa = PBXBuildFile; fileRef = D475E4B9242CE53500822E85 /* DataNumber.swift */; };
		D475E4C8242CE53500822E85 /* DataPercent.swift in Sources */ = {isa = PBXBuildFile; fileRef = D475E4BB242CE53500822E85 /* DataPercent.swift */; };
		D475E4C9242CE53500822E85 /* DepButton.swift in Sources */ = {isa = PBXBuildFile; fileRef = D475E4BC242CE53500822E85 /* DepButton.swift */; };
		D475E4D0242CE57E00822E85 /* Icons.swift in Sources */ = {isa = PBXBuildFile; fileRef = D475E4CD242CE57E00822E85 /* Icons.swift */; };
		D475E4D2242CE57E00822E85 /* LFIconFont.swift in Sources */ = {isa = PBXBuildFile; fileRef = D475E4CF242CE57E00822E85 /* LFIconFont.swift */; };
		D475E4D4242CE68C00822E85 /* MineViewController.swift in Sources */ = {isa = PBXBuildFile; fileRef = D475E4D3242CE68C00822E85 /* MineViewController.swift */; };
		D475E4DA242CEE9200822E85 /* iconfont.ttf in Resources */ = {isa = PBXBuildFile; fileRef = D475E4D9242CEE3000822E85 /* iconfont.ttf */; };
		D475E4E8242D055200822E85 /* ViewController.swift in Sources */ = {isa = PBXBuildFile; fileRef = D475E4E7242D055200822E85 /* ViewController.swift */; };
		D4A4529A242DCDD1006A6929 /* Index.xib in Resources */ = {isa = PBXBuildFile; fileRef = D4A45299242DCDD1006A6929 /* Index.xib */; };
		D4A4529D242DCE41006A6929 /* Index.swift in Sources */ = {isa = PBXBuildFile; fileRef = D4A4529C242DCE41006A6929 /* Index.swift */; };
/* End PBXBuildFile section */

/* Begin PBXContainerItemProxy section */
		D4030539243395AE00642C9F /* PBXContainerItemProxy */ = {
			isa = PBXContainerItemProxy;
			containerPortal = D403052E243395AE00642C9F /* Alamofire.xcodeproj */;
			proxyType = 2;
			remoteGlobalIDString = F8111E3319A95C8B0040E7D1;
			remoteInfo = "Alamofire iOS";
		};
		D403053B243395AE00642C9F /* PBXContainerItemProxy */ = {
			isa = PBXContainerItemProxy;
			containerPortal = D403052E243395AE00642C9F /* Alamofire.xcodeproj */;
			proxyType = 2;
			remoteGlobalIDString = F8111E3E19A95C8B0040E7D1;
			remoteInfo = "Alamofire iOS Tests";
		};
		D403053D243395AE00642C9F /* PBXContainerItemProxy */ = {
			isa = PBXContainerItemProxy;
			containerPortal = D403052E243395AE00642C9F /* Alamofire.xcodeproj */;
			proxyType = 2;
			remoteGlobalIDString = 4DD67C0B1A5C55C900ED2280;
			remoteInfo = "Alamofire macOS";
		};
		D403053F243395AE00642C9F /* PBXContainerItemProxy */ = {
			isa = PBXContainerItemProxy;
			containerPortal = D403052E243395AE00642C9F /* Alamofire.xcodeproj */;
			proxyType = 2;
			remoteGlobalIDString = F829C6B21A7A94F100A2CD59;
			remoteInfo = "Alamofire macOS Tests";
		};
		D4030541243395AE00642C9F /* PBXContainerItemProxy */ = {
			isa = PBXContainerItemProxy;
			containerPortal = D403052E243395AE00642C9F /* Alamofire.xcodeproj */;
			proxyType = 2;
			remoteGlobalIDString = 4CF626EF1BA7CB3E0011A099;
			remoteInfo = "Alamofire tvOS";
		};
		D4030543243395AE00642C9F /* PBXContainerItemProxy */ = {
			isa = PBXContainerItemProxy;
			containerPortal = D403052E243395AE00642C9F /* Alamofire.xcodeproj */;
			proxyType = 2;
			remoteGlobalIDString = 4CF626F81BA7CB3E0011A099;
			remoteInfo = "Alamofire tvOS Tests";
		};
		D4030545243395AE00642C9F /* PBXContainerItemProxy */ = {
			isa = PBXContainerItemProxy;
			containerPortal = D403052E243395AE00642C9F /* Alamofire.xcodeproj */;
			proxyType = 2;
			remoteGlobalIDString = E4202FE01B667AA100C997FB;
			remoteInfo = "Alamofire watchOS";
		};
		D475E492242CE47E00822E85 /* PBXContainerItemProxy */ = {
			isa = PBXContainerItemProxy;
			containerPortal = D475E473242CE47D00822E85 /* Project object */;
			proxyType = 1;
			remoteGlobalIDString = D475E47A242CE47D00822E85;
			remoteInfo = iOSDataDisplay;
		};
		D475E49D242CE47E00822E85 /* PBXContainerItemProxy */ = {
			isa = PBXContainerItemProxy;
			containerPortal = D475E473242CE47D00822E85 /* Project object */;
			proxyType = 1;
			remoteGlobalIDString = D475E47A242CE47D00822E85;
			remoteInfo = iOSDataDisplay;
		};
/* End PBXContainerItemProxy section */

/* Begin PBXFileReference section */
		D40304F3242E4B3C00642C9F /* bg7.jpg */ = {isa = PBXFileReference; lastKnownFileType = image.jpeg; path = bg7.jpg; sourceTree = "<group>"; };
		D40304F4242E4B3C00642C9F /* bg1.jpg */ = {isa = PBXFileReference; lastKnownFileType = image.jpeg; path = bg1.jpg; sourceTree = "<group>"; };
		D40304F5242E4B3C00642C9F /* bg3.jpg */ = {isa = PBXFileReference; lastKnownFileType = image.jpeg; path = bg3.jpg; sourceTree = "<group>"; };
		D40304F6242E4B3C00642C9F /* bg4.jpg */ = {isa = PBXFileReference; lastKnownFileType = image.jpeg; path = bg4.jpg; sourceTree = "<group>"; };
		D40304F7242E4B3C00642C9F /* bg2.jpg */ = {isa = PBXFileReference; lastKnownFileType = image.jpeg; path = bg2.jpg; sourceTree = "<group>"; };
		D40304F8242E4B3C00642C9F /* bg5.jpg */ = {isa = PBXFileReference; lastKnownFileType = image.jpeg; path = bg5.jpg; sourceTree = "<group>"; };
		D40304F9242E4B3C00642C9F /* bg6.jpg */ = {isa = PBXFileReference; lastKnownFileType = image.jpeg; path = bg6.jpg; sourceTree = "<group>"; };
		D40304FA242E4B3C00642C9F /* bg8.jpg */ = {isa = PBXFileReference; lastKnownFileType = image.jpeg; path = bg8.jpg; sourceTree = "<group>"; };
		D4030503242E56E300642C9F /* FinishedBar.swift */ = {isa = PBXFileReference; fileEncoding = 4; lastKnownFileType = sourcecode.swift; path = FinishedBar.swift; sourceTree = "<group>"; };
		D4030504242E56E300642C9F /* FinishedBar.xib */ = {isa = PBXFileReference; fileEncoding = 4; lastKnownFileType = file.xib; path = FinishedBar.xib; sourceTree = "<group>"; };
		D40305072432363100642C9F /* LoginController.swift */ = {isa = PBXFileReference; lastKnownFileType = sourcecode.swift; path = LoginController.swift; sourceTree = "<group>"; };
		D403050F24333C4300642C9F /* ExButton.swift */ = {isa = PBXFileReference; lastKnownFileType = sourcecode.swift; path = ExButton.swift; sourceTree = "<group>"; };
		D4030512243349AF00642C9F /* Constants.swift */ = {isa = PBXFileReference; lastKnownFileType = sourcecode.swift; path = Constants.swift; sourceTree = "<group>"; };
		D403052E243395AE00642C9F /* Alamofire.xcodeproj */ = {isa = PBXFileReference; lastKnownFileType = "wrapper.pb-project"; name = Alamofire.xcodeproj; path = "Alamofire-4.9.1/Alamofire.xcodeproj"; sourceTree = "<group>"; };
		D403054A2433A14E00642C9F /* Connection.swift */ = {isa = PBXFileReference; lastKnownFileType = sourcecode.swift; path = Connection.swift; sourceTree = "<group>"; };
		D40305502433C6AA00642C9F /* Alerts.swift */ = {isa = PBXFileReference; lastKnownFileType = sourcecode.swift; path = Alerts.swift; sourceTree = "<group>"; };
		D40305522433CB4400642C9F /* ExString.swift */ = {isa = PBXFileReference; lastKnownFileType = sourcecode.swift; path = ExString.swift; sourceTree = "<group>"; };
		D40305542433CDC200642C9F /* ExVC.swift */ = {isa = PBXFileReference; lastKnownFileType = sourcecode.swift; path = ExVC.swift; sourceTree = "<group>"; };
		D475E47B242CE47D00822E85 /* iOSDataDisplay.app */ = {isa = PBXFileReference; explicitFileType = wrapper.application; includeInIndex = 0; path = iOSDataDisplay.app; sourceTree = BUILT_PRODUCTS_DIR; };
		D475E47E242CE47D00822E85 /* AppDelegate.swift */ = {isa = PBXFileReference; lastKnownFileType = sourcecode.swift; path = AppDelegate.swift; sourceTree = "<group>"; };
		D475E480242CE47D00822E85 /* IndexViewController.swift */ = {isa = PBXFileReference; lastKnownFileType = sourcecode.swift; path = IndexViewController.swift; sourceTree = "<group>"; };
		D475E482242CE47D00822E85 /* HistoryViewController.swift */ = {isa = PBXFileReference; lastKnownFileType = sourcecode.swift; path = HistoryViewController.swift; sourceTree = "<group>"; };
		D475E485242CE47D00822E85 /* Base */ = {isa = PBXFileReference; lastKnownFileType = file.storyboard; name = Base; path = Base.lproj/Main.storyboard; sourceTree = "<group>"; };
		D475E48A242CE47E00822E85 /* Base */ = {isa = PBXFileReference; lastKnownFileType = file.storyboard; name = Base; path = Base.lproj/LaunchScreen.storyboard; sourceTree = "<group>"; };
		D475E48C242CE47E00822E85 /* Info.plist */ = {isa = PBXFileReference; lastKnownFileType = text.plist.xml; path = Info.plist; sourceTree = "<group>"; };
		D475E491242CE47E00822E85 /* iOSDataDisplayTests.xctest */ = {isa = PBXFileReference; explicitFileType = wrapper.cfbundle; includeInIndex = 0; path = iOSDataDisplayTests.xctest; sourceTree = BUILT_PRODUCTS_DIR; };
		D475E495242CE47E00822E85 /* iOSDataDisplayTests.swift */ = {isa = PBXFileReference; lastKnownFileType = sourcecode.swift; path = iOSDataDisplayTests.swift; sourceTree = "<group>"; };
		D475E497242CE47E00822E85 /* Info.plist */ = {isa = PBXFileReference; lastKnownFileType = text.plist.xml; path = Info.plist; sourceTree = "<group>"; };
		D475E49C242CE47E00822E85 /* iOSDataDisplayUITests.xctest */ = {isa = PBXFileReference; explicitFileType = wrapper.cfbundle; includeInIndex = 0; path = iOSDataDisplayUITests.xctest; sourceTree = BUILT_PRODUCTS_DIR; };
		D475E4A0242CE47E00822E85 /* iOSDataDisplayUITests.swift */ = {isa = PBXFileReference; lastKnownFileType = sourcecode.swift; path = iOSDataDisplayUITests.swift; sourceTree = "<group>"; };
		D475E4A2242CE47E00822E85 /* Info.plist */ = {isa = PBXFileReference; lastKnownFileType = text.plist.xml; path = Info.plist; sourceTree = "<group>"; };
		D475E4B1242CE53400822E85 /* DataPercent.xib */ = {isa = PBXFileReference; fileEncoding = 4; lastKnownFileType = file.xib; path = DataPercent.xib; sourceTree = "<group>"; };
		D475E4B2242CE53500822E85 /* Departments.xib */ = {isa = PBXFileReference; fileEncoding = 4; lastKnownFileType = file.xib; path = Departments.xib; sourceTree = "<group>"; };
		D475E4B3242CE53500822E85 /* Departments.swift */ = {isa = PBXFileReference; fileEncoding = 4; lastKnownFileType = sourcecode.swift; path = Departments.swift; sourceTree = "<group>"; };
		D475E4B5242CE53500822E85 /* DataNumbers.xib */ = {isa = PBXFileReference; fileEncoding = 4; lastKnownFileType = file.xib; path = DataNumbers.xib; sourceTree = "<group>"; };
		D475E4B6242CE53500822E85 /* DataNumber.xib */ = {isa = PBXFileReference; fileEncoding = 4; lastKnownFileType = file.xib; path = DataNumber.xib; sourceTree = "<group>"; };
		D475E4B8242CE53500822E85 /* DataNumbers.swift */ = {isa = PBXFileReference; fileEncoding = 4; lastKnownFileType = sourcecode.swift; path = DataNumbers.swift; sourceTree = "<group>"; };
		D475E4B9242CE53500822E85 /* DataNumber.swift */ = {isa = PBXFileReference; fileEncoding = 4; lastKnownFileType = sourcecode.swift; path = DataNumber.swift; sourceTree = "<group>"; };
		D475E4BB242CE53500822E85 /* DataPercent.swift */ = {isa = PBXFileReference; fileEncoding = 4; lastKnownFileType = sourcecode.swift; path = DataPercent.swift; sourceTree = "<group>"; };
		D475E4BC242CE53500822E85 /* DepButton.swift */ = {isa = PBXFileReference; fileEncoding = 4; lastKnownFileType = sourcecode.swift; path = DepButton.swift; sourceTree = "<group>"; };
		D475E4CD242CE57E00822E85 /* Icons.swift */ = {isa = PBXFileReference; fileEncoding = 4; lastKnownFileType = sourcecode.swift; path = Icons.swift; sourceTree = "<group>"; };
		D475E4CF242CE57E00822E85 /* LFIconFont.swift */ = {isa = PBXFileReference; fileEncoding = 4; lastKnownFileType = sourcecode.swift; path = LFIconFont.swift; sourceTree = "<group>"; };
		D475E4D3242CE68C00822E85 /* MineViewController.swift */ = {isa = PBXFileReference; lastKnownFileType = sourcecode.swift; path = MineViewController.swift; sourceTree = "<group>"; };
		D475E4D9242CEE3000822E85 /* iconfont.ttf */ = {isa = PBXFileReference; lastKnownFileType = file; path = iconfont.ttf; sourceTree = "<group>"; };
		D475E4E7242D055200822E85 /* ViewController.swift */ = {isa = PBXFileReference; lastKnownFileType = sourcecode.swift; path = ViewController.swift; sourceTree = "<group>"; };
		D4A45299242DCDD1006A6929 /* Index.xib */ = {isa = PBXFileReference; lastKnownFileType = file.xib; path = Index.xib; sourceTree = "<group>"; };
		D4A4529C242DCE41006A6929 /* Index.swift */ = {isa = PBXFileReference; lastKnownFileType = sourcecode.swift; path = Index.swift; sourceTree = "<group>"; };
/* End PBXFileReference section */

/* Begin PBXFrameworksBuildPhase section */
		D475E478242CE47D00822E85 /* Frameworks */ = {
			isa = PBXFrameworksBuildPhase;
			buildActionMask = 2147483647;
			files = (
				D4030548243395B700642C9F /* Alamofire.framework in Frameworks */,
			);
			runOnlyForDeploymentPostprocessing = 0;
		};
		D475E48E242CE47E00822E85 /* Frameworks */ = {
			isa = PBXFrameworksBuildPhase;
			buildActionMask = 2147483647;
			files = (
			);
			runOnlyForDeploymentPostprocessing = 0;
		};
		D475E499242CE47E00822E85 /* Frameworks */ = {
			isa = PBXFrameworksBuildPhase;
			buildActionMask = 2147483647;
			files = (
			);
			runOnlyForDeploymentPostprocessing = 0;
		};
/* End PBXFrameworksBuildPhase section */

/* Begin PBXGroup section */
		D403051124333CBD00642C9F /* Extension */ = {
			isa = PBXGroup;
			children = (
				D403050F24333C4300642C9F /* ExButton.swift */,
				D40305522433CB4400642C9F /* ExString.swift */,
				D40305542433CDC200642C9F /* ExVC.swift */,
			);
			path = Extension;
			sourceTree = "<group>";
		};
		D403052F243395AE00642C9F /* Products */ = {
			isa = PBXGroup;
			children = (
				D403053A243395AE00642C9F /* Alamofire.framework */,
				D403053C243395AE00642C9F /* Alamofire iOS Tests.xctest */,
				D403053E243395AE00642C9F /* Alamofire.framework */,
				D4030540243395AE00642C9F /* Alamofire macOS Tests.xctest */,
				D4030542243395AE00642C9F /* Alamofire.framework */,
				D4030544243395AE00642C9F /* Alamofire tvOS Tests.xctest */,
				D4030546243395AE00642C9F /* Alamofire.framework */,
			);
			name = Products;
			sourceTree = "<group>";
		};
		D4030547243395B700642C9F /* Frameworks */ = {
			isa = PBXGroup;
			children = (
			);
			name = Frameworks;
			sourceTree = "<group>";
		};
		D40305492433A12200642C9F /* Utils */ = {
			isa = PBXGroup;
			children = (
				D403051124333CBD00642C9F /* Extension */,
				D4030512243349AF00642C9F /* Constants.swift */,
				D403054A2433A14E00642C9F /* Connection.swift */,
				D40305502433C6AA00642C9F /* Alerts.swift */,
			);
			path = Utils;
			sourceTree = "<group>";
		};
		D475E472242CE47D00822E85 = {
			isa = PBXGroup;
			children = (
				D403052E243395AE00642C9F /* Alamofire.xcodeproj */,
				D475E47D242CE47D00822E85 /* iOSDataDisplay */,
				D475E494242CE47E00822E85 /* iOSDataDisplayTests */,
				D475E49F242CE47E00822E85 /* iOSDataDisplayUITests */,
				D475E47C242CE47D00822E85 /* Products */,
				D4030547243395B700642C9F /* Frameworks */,
			);
			sourceTree = "<group>";
		};
		D475E47C242CE47D00822E85 /* Products */ = {
			isa = PBXGroup;
			children = (
				D475E47B242CE47D00822E85 /* iOSDataDisplay.app */,
				D475E491242CE47E00822E85 /* iOSDataDisplayTests.xctest */,
				D475E49C242CE47E00822E85 /* iOSDataDisplayUITests.xctest */,
			);
			name = Products;
			sourceTree = "<group>";
		};
		D475E47D242CE47D00822E85 /* iOSDataDisplay */ = {
			isa = PBXGroup;
			children = (
				D40305492433A12200642C9F /* Utils */,
				D475E4CA242CE55000822E85 /* public */,
				D475E4AF242CE51C00822E85 /* views */,
				D475E4AE242CE4FA00822E85 /* controllers */,
				D475E47E242CE47D00822E85 /* AppDelegate.swift */,
				D475E484242CE47D00822E85 /* Main.storyboard */,
				D475E489242CE47E00822E85 /* LaunchScreen.storyboard */,
				D475E48C242CE47E00822E85 /* Info.plist */,
			);
			path = iOSDataDisplay;
			sourceTree = "<group>";
		};
		D475E494242CE47E00822E85 /* iOSDataDisplayTests */ = {
			isa = PBXGroup;
			children = (
				D475E495242CE47E00822E85 /* iOSDataDisplayTests.swift */,
				D475E497242CE47E00822E85 /* Info.plist */,
			);
			path = iOSDataDisplayTests;
			sourceTree = "<group>";
		};
		D475E49F242CE47E00822E85 /* iOSDataDisplayUITests */ = {
			isa = PBXGroup;
			children = (
				D475E4A0242CE47E00822E85 /* iOSDataDisplayUITests.swift */,
				D475E4A2242CE47E00822E85 /* Info.plist */,
			);
			path = iOSDataDisplayUITests;
			sourceTree = "<group>";
		};
		D475E4AE242CE4FA00822E85 /* controllers */ = {
			isa = PBXGroup;
			children = (
				D475E480242CE47D00822E85 /* IndexViewController.swift */,
				D475E482242CE47D00822E85 /* HistoryViewController.swift */,
				D475E4D3242CE68C00822E85 /* MineViewController.swift */,
				D475E4E7242D055200822E85 /* ViewController.swift */,
				D40305072432363100642C9F /* LoginController.swift */,
			);
			path = controllers;
			sourceTree = "<group>";
		};
		D475E4AF242CE51C00822E85 /* views */ = {
			isa = PBXGroup;
			children = (
				D4A4529B242DCDD9006A6929 /* components */,
				D4A45299242DCDD1006A6929 /* Index.xib */,
				D4A4529C242DCE41006A6929 /* Index.swift */,
			);
			path = views;
			sourceTree = "<group>";
		};
		D475E4CA242CE55000822E85 /* public */ = {
			isa = PBXGroup;
			children = (
				D475E4CC242CE56000822E85 /* images */,
				D475E4CB242CE55600822E85 /* fonts */,
			);
			path = public;
			sourceTree = "<group>";
		};
		D475E4CB242CE55600822E85 /* fonts */ = {
			isa = PBXGroup;
			children = (
				D475E4D9242CEE3000822E85 /* iconfont.ttf */,
				D475E4CD242CE57E00822E85 /* Icons.swift */,
				D475E4CF242CE57E00822E85 /* LFIconFont.swift */,
			);
			path = fonts;
			sourceTree = "<group>";
		};
		D475E4CC242CE56000822E85 /* images */ = {
			isa = PBXGroup;
			children = (
				D40304F4242E4B3C00642C9F /* bg1.jpg */,
				D40304F7242E4B3C00642C9F /* bg2.jpg */,
				D40304F5242E4B3C00642C9F /* bg3.jpg */,
				D40304F6242E4B3C00642C9F /* bg4.jpg */,
				D40304F8242E4B3C00642C9F /* bg5.jpg */,
				D40304F9242E4B3C00642C9F /* bg6.jpg */,
				D40304F3242E4B3C00642C9F /* bg7.jpg */,
				D40304FA242E4B3C00642C9F /* bg8.jpg */,
			);
			path = images;
			sourceTree = "<group>";
		};
		D4A4529B242DCDD9006A6929 /* components */ = {
			isa = PBXGroup;
			children = (
				D475E4B9242CE53500822E85 /* DataNumber.swift */,
				D475E4B6242CE53500822E85 /* DataNumber.xib */,
				D475E4B8242CE53500822E85 /* DataNumbers.swift */,
				D475E4B5242CE53500822E85 /* DataNumbers.xib */,
				D475E4BB242CE53500822E85 /* DataPercent.swift */,
				D475E4B1242CE53400822E85 /* DataPercent.xib */,
				D475E4B3242CE53500822E85 /* Departments.swift */,
				D475E4B2242CE53500822E85 /* Departments.xib */,
				D475E4BC242CE53500822E85 /* DepButton.swift */,
				D4030503242E56E300642C9F /* FinishedBar.swift */,
				D4030504242E56E300642C9F /* FinishedBar.xib */,
			);
			path = components;
			sourceTree = "<group>";
		};
/* End PBXGroup section */

/* Begin PBXNativeTarget section */
		D475E47A242CE47D00822E85 /* iOSDataDisplay */ = {
			isa = PBXNativeTarget;
			buildConfigurationList = D475E4A5242CE47E00822E85 /* Build configuration list for PBXNativeTarget "iOSDataDisplay" */;
			buildPhases = (
				D475E477242CE47D00822E85 /* Sources */,
				D475E478242CE47D00822E85 /* Frameworks */,
				D475E479242CE47D00822E85 /* Resources */,
			);
			buildRules = (
			);
			dependencies = (
			);
			name = iOSDataDisplay;
			productName = iOSDataDisplay;
			productReference = D475E47B242CE47D00822E85 /* iOSDataDisplay.app */;
			productType = "com.apple.product-type.application";
		};
		D475E490242CE47E00822E85 /* iOSDataDisplayTests */ = {
			isa = PBXNativeTarget;
			buildConfigurationList = D475E4A8242CE47E00822E85 /* Build configuration list for PBXNativeTarget "iOSDataDisplayTests" */;
			buildPhases = (
				D475E48D242CE47E00822E85 /* Sources */,
				D475E48E242CE47E00822E85 /* Frameworks */,
				D475E48F242CE47E00822E85 /* Resources */,
			);
			buildRules = (
			);
			dependencies = (
				D475E493242CE47E00822E85 /* PBXTargetDependency */,
			);
			name = iOSDataDisplayTests;
			productName = iOSDataDisplayTests;
			productReference = D475E491242CE47E00822E85 /* iOSDataDisplayTests.xctest */;
			productType = "com.apple.product-type.bundle.unit-test";
		};
		D475E49B242CE47E00822E85 /* iOSDataDisplayUITests */ = {
			isa = PBXNativeTarget;
			buildConfigurationList = D475E4AB242CE47E00822E85 /* Build configuration list for PBXNativeTarget "iOSDataDisplayUITests" */;
			buildPhases = (
				D475E498242CE47E00822E85 /* Sources */,
				D475E499242CE47E00822E85 /* Frameworks */,
				D475E49A242CE47E00822E85 /* Resources */,
			);
			buildRules = (
			);
			dependencies = (
				D475E49E242CE47E00822E85 /* PBXTargetDependency */,
			);
			name = iOSDataDisplayUITests;
			productName = iOSDataDisplayUITests;
			productReference = D475E49C242CE47E00822E85 /* iOSDataDisplayUITests.xctest */;
			productType = "com.apple.product-type.bundle.ui-testing";
		};
/* End PBXNativeTarget section */

/* Begin PBXProject section */
		D475E473242CE47D00822E85 /* Project object */ = {
			isa = PBXProject;
			attributes = {
				LastSwiftUpdateCheck = 1010;
				LastUpgradeCheck = 1010;
				ORGANIZATIONNAME = yinmeng;
				TargetAttributes = {
					D475E47A242CE47D00822E85 = {
						CreatedOnToolsVersion = 10.1;
					};
					D475E490242CE47E00822E85 = {
						CreatedOnToolsVersion = 10.1;
						TestTargetID = D475E47A242CE47D00822E85;
					};
					D475E49B242CE47E00822E85 = {
						CreatedOnToolsVersion = 10.1;
						TestTargetID = D475E47A242CE47D00822E85;
					};
				};
			};
			buildConfigurationList = D475E476242CE47D00822E85 /* Build configuration list for PBXProject "iOSDataDisplay" */;
			compatibilityVersion = "Xcode 9.3";
			developmentRegion = en;
			hasScannedForEncodings = 0;
			knownRegions = (
				en,
				Base,
			);
			mainGroup = D475E472242CE47D00822E85;
			productRefGroup = D475E47C242CE47D00822E85 /* Products */;
			projectDirPath = "";
			projectReferences = (
				{
					ProductGroup = D403052F243395AE00642C9F /* Products */;
					ProjectRef = D403052E243395AE00642C9F /* Alamofire.xcodeproj */;
				},
			);
			projectRoot = "";
			targets = (
				D475E47A242CE47D00822E85 /* iOSDataDisplay */,
				D475E490242CE47E00822E85 /* iOSDataDisplayTests */,
				D475E49B242CE47E00822E85 /* iOSDataDisplayUITests */,
			);
		};
/* End PBXProject section */

/* Begin PBXReferenceProxy section */
		D403053A243395AE00642C9F /* Alamofire.framework */ = {
			isa = PBXReferenceProxy;
			fileType = wrapper.framework;
			path = Alamofire.framework;
			remoteRef = D4030539243395AE00642C9F /* PBXContainerItemProxy */;
			sourceTree = BUILT_PRODUCTS_DIR;
		};
		D403053C243395AE00642C9F /* Alamofire iOS Tests.xctest */ = {
			isa = PBXReferenceProxy;
			fileType = wrapper.cfbundle;
			path = "Alamofire iOS Tests.xctest";
			remoteRef = D403053B243395AE00642C9F /* PBXContainerItemProxy */;
			sourceTree = BUILT_PRODUCTS_DIR;
		};
		D403053E243395AE00642C9F /* Alamofire.framework */ = {
			isa = PBXReferenceProxy;
			fileType = wrapper.framework;
			path = Alamofire.framework;
			remoteRef = D403053D243395AE00642C9F /* PBXContainerItemProxy */;
			sourceTree = BUILT_PRODUCTS_DIR;
		};
		D4030540243395AE00642C9F /* Alamofire macOS Tests.xctest */ = {
			isa = PBXReferenceProxy;
			fileType = wrapper.cfbundle;
			path = "Alamofire macOS Tests.xctest";
			remoteRef = D403053F243395AE00642C9F /* PBXContainerItemProxy */;
			sourceTree = BUILT_PRODUCTS_DIR;
		};
		D4030542243395AE00642C9F /* Alamofire.framework */ = {
			isa = PBXReferenceProxy;
			fileType = wrapper.framework;
			path = Alamofire.framework;
			remoteRef = D4030541243395AE00642C9F /* PBXContainerItemProxy */;
			sourceTree = BUILT_PRODUCTS_DIR;
		};
		D4030544243395AE00642C9F /* Alamofire tvOS Tests.xctest */ = {
			isa = PBXReferenceProxy;
			fileType = wrapper.cfbundle;
			path = "Alamofire tvOS Tests.xctest";
			remoteRef = D4030543243395AE00642C9F /* PBXContainerItemProxy */;
			sourceTree = BUILT_PRODUCTS_DIR;
		};
		D4030546243395AE00642C9F /* Alamofire.framework */ = {
			isa = PBXReferenceProxy;
			fileType = wrapper.framework;
			path = Alamofire.framework;
			remoteRef = D4030545243395AE00642C9F /* PBXContainerItemProxy */;
			sourceTree = BUILT_PRODUCTS_DIR;
		};
/* End PBXReferenceProxy section */

/* Begin PBXResourcesBuildPhase section */
		D475E479242CE47D00822E85 /* Resources */ = {
			isa = PBXResourcesBuildPhase;
			buildActionMask = 2147483647;
			files = (
				D40304FC242E4B3C00642C9F /* bg1.jpg in Resources */,
				D40304FE242E4B3C00642C9F /* bg4.jpg in Resources */,
				D475E4DA242CEE9200822E85 /* iconfont.ttf in Resources */,
				D40304FF242E4B3C00642C9F /* bg2.jpg in Resources */,
				D4030500242E4B3C00642C9F /* bg5.jpg in Resources */,
				D475E48B242CE47E00822E85 /* LaunchScreen.storyboard in Resources */,
				D475E4BF242CE53500822E85 /* Departments.xib in Resources */,
				D475E4C3242CE53500822E85 /* DataNumber.xib in Resources */,
				D4A4529A242DCDD1006A6929 /* Index.xib in Resources */,
				D4030502242E4B3C00642C9F /* bg8.jpg in Resources */,
				D40304FB242E4B3C00642C9F /* bg7.jpg in Resources */,
				D475E486242CE47D00822E85 /* Main.storyboard in Resources */,
				D475E4C2242CE53500822E85 /* DataNumbers.xib in Resources */,
				D4030501242E4B3C00642C9F /* bg6.jpg in Resources */,
				D4030506242E56E300642C9F /* FinishedBar.xib in Resources */,
				D40304FD242E4B3C00642C9F /* bg3.jpg in Resources */,
				D475E4BE242CE53500822E85 /* DataPercent.xib in Resources */,
			);
			runOnlyForDeploymentPostprocessing = 0;
		};
		D475E48F242CE47E00822E85 /* Resources */ = {
			isa = PBXResourcesBuildPhase;
			buildActionMask = 2147483647;
			files = (
			);
			runOnlyForDeploymentPostprocessing = 0;
		};
		D475E49A242CE47E00822E85 /* Resources */ = {
			isa = PBXResourcesBuildPhase;
			buildActionMask = 2147483647;
			files = (
			);
			runOnlyForDeploymentPostprocessing = 0;
		};
/* End PBXResourcesBuildPhase section */

/* Begin PBXSourcesBuildPhase section */
		D475E477242CE47D00822E85 /* Sources */ = {
			isa = PBXSourcesBuildPhase;
			buildActionMask = 2147483647;
			files = (
				D475E483242CE47D00822E85 /* HistoryViewController.swift in Sources */,
				D403054B2433A14E00642C9F /* Connection.swift in Sources */,
				D4030513243349AF00642C9F /* Constants.swift in Sources */,
				D475E4D4242CE68C00822E85 /* MineViewController.swift in Sources */,
				D40305532433CB4400642C9F /* ExString.swift in Sources */,
				D403051024333C4300642C9F /* ExButton.swift in Sources */,
				D475E4C9242CE53500822E85 /* DepButton.swift in Sources */,
				D40305552433CDC200642C9F /* ExVC.swift in Sources */,
				D40305512433C6AA00642C9F /* Alerts.swift in Sources */,
				D475E47F242CE47D00822E85 /* AppDelegate.swift in Sources */,
				D40305082432363100642C9F /* LoginController.swift in Sources */,
				D475E4E8242D055200822E85 /* ViewController.swift in Sources */,
				D475E4C6242CE53500822E85 /* DataNumber.swift in Sources */,
				D475E4C8242CE53500822E85 /* DataPercent.swift in Sources */,
				D475E4D0242CE57E00822E85 /* Icons.swift in Sources */,
				D475E4C5242CE53500822E85 /* DataNumbers.swift in Sources */,
				D4030505242E56E300642C9F /* FinishedBar.swift in Sources */,
				D475E4D2242CE57E00822E85 /* LFIconFont.swift in Sources */,
				D475E4C0242CE53500822E85 /* Departments.swift in Sources */,
				D475E481242CE47D00822E85 /* IndexViewController.swift in Sources */,
				D4A4529D242DCE41006A6929 /* Index.swift in Sources */,
			);
			runOnlyForDeploymentPostprocessing = 0;
		};
		D475E48D242CE47E00822E85 /* Sources */ = {
			isa = PBXSourcesBuildPhase;
			buildActionMask = 2147483647;
			files = (
				D475E496242CE47E00822E85 /* iOSDataDisplayTests.swift in Sources */,
			);
			runOnlyForDeploymentPostprocessing = 0;
		};
		D475E498242CE47E00822E85 /* Sources */ = {
			isa = PBXSourcesBuildPhase;
			buildActionMask = 2147483647;
			files = (
				D475E4A1242CE47E00822E85 /* iOSDataDisplayUITests.swift in Sources */,
			);
			runOnlyForDeploymentPostprocessing = 0;
		};
/* End PBXSourcesBuildPhase section */

/* Begin PBXTargetDependency section */
		D475E493242CE47E00822E85 /* PBXTargetDependency */ = {
			isa = PBXTargetDependency;
			target = D475E47A242CE47D00822E85 /* iOSDataDisplay */;
			targetProxy = D475E492242CE47E00822E85 /* PBXContainerItemProxy */;
		};
		D475E49E242CE47E00822E85 /* PBXTargetDependency */ = {
			isa = PBXTargetDependency;
			target = D475E47A242CE47D00822E85 /* iOSDataDisplay */;
			targetProxy = D475E49D242CE47E00822E85 /* PBXContainerItemProxy */;
		};
/* End PBXTargetDependency section */

/* Begin PBXVariantGroup section */
		D475E484242CE47D00822E85 /* Main.storyboard */ = {
			isa = PBXVariantGroup;
			children = (
				D475E485242CE47D00822E85 /* Base */,
			);
			name = Main.storyboard;
			sourceTree = "<group>";
		};
		D475E489242CE47E00822E85 /* LaunchScreen.storyboard */ = {
			isa = PBXVariantGroup;
			children = (
				D475E48A242CE47E00822E85 /* Base */,
			);
			name = LaunchScreen.storyboard;
			sourceTree = "<group>";
		};
/* End PBXVariantGroup section */

/* Begin XCBuildConfiguration section */
		D475E4A3242CE47E00822E85 /* Debug */ = {
			isa = XCBuildConfiguration;
			buildSettings = {
				ALWAYS_SEARCH_USER_PATHS = NO;
				CLANG_ANALYZER_NONNULL = YES;
				CLANG_ANALYZER_NUMBER_OBJECT_CONVERSION = YES_AGGRESSIVE;
				CLANG_CXX_LANGUAGE_STANDARD = "gnu++14";
				CLANG_CXX_LIBRARY = "libc++";
				CLANG_ENABLE_MODULES = YES;
				CLANG_ENABLE_OBJC_ARC = YES;
				CLANG_ENABLE_OBJC_WEAK = YES;
				CLANG_WARN_BLOCK_CAPTURE_AUTORELEASING = YES;
				CLANG_WARN_BOOL_CONVERSION = YES;
				CLANG_WARN_COMMA = YES;
				CLANG_WARN_CONSTANT_CONVERSION = YES;
				CLANG_WARN_DEPRECATED_OBJC_IMPLEMENTATIONS = YES;
				CLANG_WARN_DIRECT_OBJC_ISA_USAGE = YES_ERROR;
				CLANG_WARN_DOCUMENTATION_COMMENTS = YES;
				CLANG_WARN_EMPTY_BODY = YES;
				CLANG_WARN_ENUM_CONVERSION = YES;
				CLANG_WARN_INFINITE_RECURSION = YES;
				CLANG_WARN_INT_CONVERSION = YES;
				CLANG_WARN_NON_LITERAL_NULL_CONVERSION = YES;
				CLANG_WARN_OBJC_IMPLICIT_RETAIN_SELF = YES;
				CLANG_WARN_OBJC_LITERAL_CONVERSION = YES;
				CLANG_WARN_OBJC_ROOT_CLASS = YES_ERROR;
				CLANG_WARN_RANGE_LOOP_ANALYSIS = YES;
				CLANG_WARN_STRICT_PROTOTYPES = YES;
				CLANG_WARN_SUSPICIOUS_MOVE = YES;
				CLANG_WARN_UNGUARDED_AVAILABILITY = YES_AGGRESSIVE;
				CLANG_WARN_UNREACHABLE_CODE = YES;
				CLANG_WARN__DUPLICATE_METHOD_MATCH = YES;
				CODE_SIGN_IDENTITY = "iPhone Developer";
				COPY_PHASE_STRIP = NO;
				DEBUG_INFORMATION_FORMAT = dwarf;
				ENABLE_STRICT_OBJC_MSGSEND = YES;
				ENABLE_TESTABILITY = YES;
				GCC_C_LANGUAGE_STANDARD = gnu11;
				GCC_DYNAMIC_NO_PIC = NO;
				GCC_NO_COMMON_BLOCKS = YES;
				GCC_OPTIMIZATION_LEVEL = 0;
				GCC_PREPROCESSOR_DEFINITIONS = (
					"DEBUG=1",
					"$(inherited)",
				);
				GCC_WARN_64_TO_32_BIT_CONVERSION = YES;
				GCC_WARN_ABOUT_RETURN_TYPE = YES_ERROR;
				GCC_WARN_UNDECLARED_SELECTOR = YES;
				GCC_WARN_UNINITIALIZED_AUTOS = YES_AGGRESSIVE;
				GCC_WARN_UNUSED_FUNCTION = YES;
				GCC_WARN_UNUSED_VARIABLE = YES;
				IPHONEOS_DEPLOYMENT_TARGET = 12.1;
				MTL_ENABLE_DEBUG_INFO = INCLUDE_SOURCE;
				MTL_FAST_MATH = YES;
				ONLY_ACTIVE_ARCH = YES;
				SDKROOT = iphoneos;
				SWIFT_ACTIVE_COMPILATION_CONDITIONS = DEBUG;
				SWIFT_OPTIMIZATION_LEVEL = "-Onone";
			};
			name = Debug;
		};
		D475E4A4242CE47E00822E85 /* Release */ = {
			isa = XCBuildConfiguration;
			buildSettings = {
				ALWAYS_SEARCH_USER_PATHS = NO;
				CLANG_ANALYZER_NONNULL = YES;
				CLANG_ANALYZER_NUMBER_OBJECT_CONVERSION = YES_AGGRESSIVE;
				CLANG_CXX_LANGUAGE_STANDARD = "gnu++14";
				CLANG_CXX_LIBRARY = "libc++";
				CLANG_ENABLE_MODULES = YES;
				CLANG_ENABLE_OBJC_ARC = YES;
				CLANG_ENABLE_OBJC_WEAK = YES;
				CLANG_WARN_BLOCK_CAPTURE_AUTORELEASING = YES;
				CLANG_WARN_BOOL_CONVERSION = YES;
				CLANG_WARN_COMMA = YES;
				CLANG_WARN_CONSTANT_CONVERSION = YES;
				CLANG_WARN_DEPRECATED_OBJC_IMPLEMENTATIONS = YES;
				CLANG_WARN_DIRECT_OBJC_ISA_USAGE = YES_ERROR;
				CLANG_WARN_DOCUMENTATION_COMMENTS = YES;
				CLANG_WARN_EMPTY_BODY = YES;
				CLANG_WARN_ENUM_CONVERSION = YES;
				CLANG_WARN_INFINITE_RECURSION = YES;
				CLANG_WARN_INT_CONVERSION = YES;
				CLANG_WARN_NON_LITERAL_NULL_CONVERSION = YES;
				CLANG_WARN_OBJC_IMPLICIT_RETAIN_SELF = YES;
				CLANG_WARN_OBJC_LITERAL_CONVERSION = YES;
				CLANG_WARN_OBJC_ROOT_CLASS = YES_ERROR;
				CLANG_WARN_RANGE_LOOP_ANALYSIS = YES;
				CLANG_WARN_STRICT_PROTOTYPES = YES;
				CLANG_WARN_SUSPICIOUS_MOVE = YES;
				CLANG_WARN_UNGUARDED_AVAILABILITY = YES_AGGRESSIVE;
				CLANG_WARN_UNREACHABLE_CODE = YES;
				CLANG_WARN__DUPLICATE_METHOD_MATCH = YES;
				CODE_SIGN_IDENTITY = "iPhone Developer";
				COPY_PHASE_STRIP = NO;
				DEBUG_INFORMATION_FORMAT = "dwarf-with-dsym";
				ENABLE_NS_ASSERTIONS = NO;
				ENABLE_STRICT_OBJC_MSGSEND = YES;
				GCC_C_LANGUAGE_STANDARD = gnu11;
				GCC_NO_COMMON_BLOCKS = YES;
				GCC_WARN_64_TO_32_BIT_CONVERSION = YES;
				GCC_WARN_ABOUT_RETURN_TYPE = YES_ERROR;
				GCC_WARN_UNDECLARED_SELECTOR = YES;
				GCC_WARN_UNINITIALIZED_AUTOS = YES_AGGRESSIVE;
				GCC_WARN_UNUSED_FUNCTION = YES;
				GCC_WARN_UNUSED_VARIABLE = YES;
				IPHONEOS_DEPLOYMENT_TARGET = 12.1;
				MTL_ENABLE_DEBUG_INFO = NO;
				MTL_FAST_MATH = YES;
				SDKROOT = iphoneos;
				SWIFT_COMPILATION_MODE = wholemodule;
				SWIFT_OPTIMIZATION_LEVEL = "-O";
				VALIDATE_PRODUCT = YES;
			};
			name = Release;
		};
		D475E4A6242CE47E00822E85 /* Debug */ = {
			isa = XCBuildConfiguration;
			buildSettings = {
				ASSETCATALOG_COMPILER_APPICON_NAME = AppIcon;
				CODE_SIGN_STYLE = Automatic;
				DEVELOPMENT_TEAM = WF8F2CQW7A;
				INFOPLIST_FILE = iOSDataDisplay/Info.plist;
				LD_RUNPATH_SEARCH_PATHS = (
					"$(inherited)",
					"@executable_path/Frameworks",
				);
				PRODUCT_BUNDLE_IDENTIFIER = com.yinmeng.iOSDataDisplay;
				PRODUCT_NAME = "$(TARGET_NAME)";
				SWIFT_VERSION = 4.2;
				TARGETED_DEVICE_FAMILY = "1,2";
			};
			name = Debug;
		};
		D475E4A7242CE47E00822E85 /* Release */ = {
			isa = XCBuildConfiguration;
			buildSettings = {
				ASSETCATALOG_COMPILER_APPICON_NAME = AppIcon;
				CODE_SIGN_STYLE = Automatic;
				DEVELOPMENT_TEAM = WF8F2CQW7A;
				INFOPLIST_FILE = iOSDataDisplay/Info.plist;
				LD_RUNPATH_SEARCH_PATHS = (
					"$(inherited)",
					"@executable_path/Frameworks",
				);
				PRODUCT_BUNDLE_IDENTIFIER = com.yinmeng.iOSDataDisplay;
				PRODUCT_NAME = "$(TARGET_NAME)";
				SWIFT_VERSION = 4.2;
				TARGETED_DEVICE_FAMILY = "1,2";
			};
			name = Release;
		};
		D475E4A9242CE47E00822E85 /* Debug */ = {
			isa = XCBuildConfiguration;
			buildSettings = {
				ALWAYS_EMBED_SWIFT_STANDARD_LIBRARIES = YES;
				BUNDLE_LOADER = "$(TEST_HOST)";
				CODE_SIGN_STYLE = Automatic;
				DEVELOPMENT_TEAM = WF8F2CQW7A;
				INFOPLIST_FILE = iOSDataDisplayTests/Info.plist;
				LD_RUNPATH_SEARCH_PATHS = (
					"$(inherited)",
					"@executable_path/Frameworks",
					"@loader_path/Frameworks",
				);
				PRODUCT_BUNDLE_IDENTIFIER = com.yinmeng.iOSDataDisplayTests;
				PRODUCT_NAME = "$(TARGET_NAME)";
				SWIFT_VERSION = 4.2;
				TARGETED_DEVICE_FAMILY = "1,2";
				TEST_HOST = "$(BUILT_PRODUCTS_DIR)/iOSDataDisplay.app/iOSDataDisplay";
			};
			name = Debug;
		};
		D475E4AA242CE47E00822E85 /* Release */ = {
			isa = XCBuildConfiguration;
			buildSettings = {
				ALWAYS_EMBED_SWIFT_STANDARD_LIBRARIES = YES;
				BUNDLE_LOADER = "$(TEST_HOST)";
				CODE_SIGN_STYLE = Automatic;
				DEVELOPMENT_TEAM = WF8F2CQW7A;
				INFOPLIST_FILE = iOSDataDisplayTests/Info.plist;
				LD_RUNPATH_SEARCH_PATHS = (
					"$(inherited)",
					"@executable_path/Frameworks",
					"@loader_path/Frameworks",
				);
				PRODUCT_BUNDLE_IDENTIFIER = com.yinmeng.iOSDataDisplayTests;
				PRODUCT_NAME = "$(TARGET_NAME)";
				SWIFT_VERSION = 4.2;
				TARGETED_DEVICE_FAMILY = "1,2";
				TEST_HOST = "$(BUILT_PRODUCTS_DIR)/iOSDataDisplay.app/iOSDataDisplay";
			};
			name = Release;
		};
		D475E4AC242CE47E00822E85 /* Debug */ = {
			isa = XCBuildConfiguration;
			buildSettings = {
				ALWAYS_EMBED_SWIFT_STANDARD_LIBRARIES = YES;
				CODE_SIGN_STYLE = Automatic;
				DEVELOPMENT_TEAM = WF8F2CQW7A;
				INFOPLIST_FILE = iOSDataDisplayUITests/Info.plist;
				LD_RUNPATH_SEARCH_PATHS = (
					"$(inherited)",
					"@executable_path/Frameworks",
					"@loader_path/Frameworks",
				);
				PRODUCT_BUNDLE_IDENTIFIER = com.yinmeng.iOSDataDisplayUITests;
				PRODUCT_NAME = "$(TARGET_NAME)";
				SWIFT_VERSION = 4.2;
				TARGETED_DEVICE_FAMILY = "1,2";
				TEST_TARGET_NAME = iOSDataDisplay;
			};
			name = Debug;
		};
		D475E4AD242CE47E00822E85 /* Release */ = {
			isa = XCBuildConfiguration;
			buildSettings = {
				ALWAYS_EMBED_SWIFT_STANDARD_LIBRARIES = YES;
				CODE_SIGN_STYLE = Automatic;
				DEVELOPMENT_TEAM = WF8F2CQW7A;
				INFOPLIST_FILE = iOSDataDisplayUITests/Info.plist;
				LD_RUNPATH_SEARCH_PATHS = (
					"$(inherited)",
					"@executable_path/Frameworks",
					"@loader_path/Frameworks",
				);
				PRODUCT_BUNDLE_IDENTIFIER = com.yinmeng.iOSDataDisplayUITests;
				PRODUCT_NAME = "$(TARGET_NAME)";
				SWIFT_VERSION = 4.2;
				TARGETED_DEVICE_FAMILY = "1,2";
				TEST_TARGET_NAME = iOSDataDisplay;
			};
			name = Release;
		};
/* End XCBuildConfiguration section */

/* Begin XCConfigurationList section */
		D475E476242CE47D00822E85 /* Build configuration list for PBXProject "iOSDataDisplay" */ = {
			isa = XCConfigurationList;
			buildConfigurations = (
				D475E4A3242CE47E00822E85 /* Debug */,
				D475E4A4242CE47E00822E85 /* Release */,
			);
			defaultConfigurationIsVisible = 0;
			defaultConfigurationName = Release;
		};
		D475E4A5242CE47E00822E85 /* Build configuration list for PBXNativeTarget "iOSDataDisplay" */ = {
			isa = XCConfigurationList;
			buildConfigurations = (
				D475E4A6242CE47E00822E85 /* Debug */,
				D475E4A7242CE47E00822E85 /* Release */,
			);
			defaultConfigurationIsVisible = 0;
			defaultConfigurationName = Release;
		};
		D475E4A8242CE47E00822E85 /* Build configuration list for PBXNativeTarget "iOSDataDisplayTests" */ = {
			isa = XCConfigurationList;
			buildConfigurations = (
				D475E4A9242CE47E00822E85 /* Debug */,
				D475E4AA242CE47E00822E85 /* Release */,
			);
			defaultConfigurationIsVisible = 0;
			defaultConfigurationName = Release;
		};
		D475E4AB242CE47E00822E85 /* Build configuration list for PBXNativeTarget "iOSDataDisplayUITests" */ = {
			isa = XCConfigurationList;
			buildConfigurations = (
				D475E4AC242CE47E00822E85 /* Debug */,
				D475E4AD242CE47E00822E85 /* Release */,
			);
			defaultConfigurationIsVisible = 0;
			defaultConfigurationName = Release;
		};
/* End XCConfigurationList section */
	};
	rootObject = D475E473242CE47D00822E85 /* Project object */;
}
